
Microsoft Visual Studio Solution File, Format Version 12.00
# Visual Studio 2013
VisualStudioVersion = 12.0.30501.0
MinimumVisualStudioVersion = 10.0.40219.1
Project("{FAE04EC0-301F-11D3-BF4B-00C04F79EFBC}") = "Data61", "Data61\Data61.csproj", "{49FD7AD4-D380-428B-8B71-0266323F90EE}"
EndProject
Global
	GlobalSection(SolutionConfigurationPlatforms) = preSolution
		Debug|Any CPU = Debug|Any CPU
		Release|Any CPU = Release|Any CPU
	EndGlobalSection
	GlobalSection(ProjectConfigurationPlatforms) = postSolution
		{49FD7AD4-D380-428B-8B71-0266323F90EE}.Debug|Any CPU.ActiveCfg = Debug|Any CPU
		{49FD7AD4-D380-428B-8B71-0266323F90EE}.Debug|Any CPU.Build.0 = Debug|Any CPU
		{49FD7AD4-D380-428B-8B71-0266323F90EE}.Release|Any CPU.ActiveCfg = Release|Any CPU
		{49FD7AD4-D380-428B-8B71-0266323F90EE}.Release|Any CPU.Build.0 = Release|Any CPU
	EndGlobalSection
	GlobalSection(SolutionProperties) = preSolution
		HideSolutionNode = FALSE
	EndGlobalSection
EndGlobal
